
Microsoft Visual Studio Solution File, Format Version 11.00
# Visual Studio 2010
Project("{FAE04EC0-301F-11D3-BF4B-00C04F79EFBC}") = "Krypton.Futures", "Stuff\Stuff\Krypton.Futures.csproj", "{EE23CC89-8068-4505-8498-7E30D1A1FC65}"
EndProject
Project("{FAE04EC0-301F-11D3-BF4B-00C04F79EFBC}") = "Krypton.Futures.Content", "Stuff\StuffContent\Krypton.Futures.Content.contentproj", "{8A68FA87-5962-4E0F-92EC-EE4741D7B1B0}"
EndProject
Global
	GlobalSection(TeamFoundationVersionControl) = preSolution
		SccNumberOfProjects = 3
		SccEnterpriseProvider = {4CA58AB2-18FA-4F8D-95D4-32DDF27D184C}
		SccTeamFoundationServer = https://tfs.codeplex.com/tfs/tfs24
		SccLocalPath0 = .
		SccProjectUniqueName1 = Stuff\\Stuff\\Krypton.Futures.csproj
		SccProjectName1 = Stuff/Stuff
		SccLocalPath1 = Stuff\\Stuff
		SccProjectUniqueName2 = Stuff\\StuffContent\\Krypton.Futures.Content.contentproj
		SccProjectName2 = Stuff/StuffContent
		SccLocalPath2 = Stuff\\StuffContent
	EndGlobalSection
	GlobalSection(SolutionConfigurationPlatforms) = preSolution
		Debug|x86 = Debug|x86
		Release|x86 = Release|x86
	EndGlobalSection
	GlobalSection(ProjectConfigurationPlatforms) = postSolution
		{EE23CC89-8068-4505-8498-7E30D1A1FC65}.Debug|x86.ActiveCfg = Debug|x86
		{EE23CC89-8068-4505-8498-7E30D1A1FC65}.Debug|x86.Build.0 = Debug|x86
		{EE23CC89-8068-4505-8498-7E30D1A1FC65}.Release|x86.ActiveCfg = Release|x86
		{EE23CC89-8068-4505-8498-7E30D1A1FC65}.Release|x86.Build.0 = Release|x86
		{8A68FA87-5962-4E0F-92EC-EE4741D7B1B0}.Debug|x86.ActiveCfg = Debug|x86
		{8A68FA87-5962-4E0F-92EC-EE4741D7B1B0}.Release|x86.ActiveCfg = Release|x86
	EndGlobalSection
	GlobalSection(SolutionProperties) = preSolution
		HideSolutionNode = FALSE
	EndGlobalSection
EndGlobal
